{
  "name": "zooworks",
  "version": "1.0.0",
  "lockfileVersion": 3,
  "requires": true,
  "packages": {
    "": {
      "name": "zooworks",
      "version": "1.0.0",
      "license": "ISC",
      "dependencies": {
        "@zoowork-ai/sdk": "^0.10.2"
      }
    },
    "node_modules/@zoowork-ai/sdk": {
      "version": "0.10.2",
      "resolved": "https://registry.npmjs.org/@zoowork-ai/sdk/-/sdk-0.10.2.tgz",
      "integrity": "sha512-U96vLcaUHRjAG+qTutxW5jo8ypyy210F7bKQU9NnZ3PZhfqYjcEYny67FFCDgdTcgIz0cPy2SryAxUPAVJVBMw==",
      "license": "MIT",
      "engines": {
        "node": ">=20"
      }
    }
  }
}
